
Microsoft Visual Studio Solution File, Format Version 12.00
# Visual Studio Version 17
VisualStudioVersion = 17.8.34330.188
MinimumVisualStudioVersion = 10.0.40219.1
Project("{FAE04EC0-301F-11D3-BF4B-00C04F79EFBC}") = "ConCac", "ConCac\ConCac.csproj", "{622C9164-D794-49A1-A818-17EA06E7A750}"
EndProject
Project("{FAE04EC0-301F-11D3-BF4B-00C04F79EFBC}") = "Quản Lý Sinh Viên", "Quản Lý Sinh Viên\Quản Lý Sinh Viên.csproj", "{70EDC641-593F-4BA7-B7BF-DE7520C5F5AB}"
EndProject
Project("{FAE04EC0-301F-11D3-BF4B-00C04F79EFBC}") = "Danh sách các tỉnh", "Danh sách các tỉnh\Danh sách các tỉnh.csproj", "{68A05327-6E6E-487D-8BCA-03D7B209A1BC}"
EndProject
Project("{FAE04EC0-301F-11D3-BF4B-00C04F79EFBC}") = "OnThi", "OnThi\OnThi.csproj", "{5D3F2001-5409-462C-95AD-DDF113B468A6}"
EndProject
Project("{FAE04EC0-301F-11D3-BF4B-00C04F79EFBC}") = "Crush", "Crush\Crush.csproj", "{59B29722-510D-40D2-BEA1-F51DF363ADFF}"
EndProject
Global
	GlobalSection(SolutionConfigurationPlatforms) = preSolution
		Debug|Any CPU = Debug|Any CPU
		Release|Any CPU = Release|Any CPU
	EndGlobalSection
	GlobalSection(ProjectConfigurationPlatforms) = postSolution
		{622C9164-D794-49A1-A818-17EA06E7A750}.Debug|Any CPU.ActiveCfg = Debug|Any CPU
		{622C9164-D794-49A1-A818-17EA06E7A750}.Debug|Any CPU.Build.0 = Debug|Any CPU
		{622C9164-D794-49A1-A818-17EA06E7A750}.Release|Any CPU.ActiveCfg = Release|Any CPU
		{622C9164-D794-49A1-A818-17EA06E7A750}.Release|Any CPU.Build.0 = Release|Any CPU
		{70EDC641-593F-4BA7-B7BF-DE7520C5F5AB}.Debug|Any CPU.ActiveCfg = Debug|Any CPU
		{70EDC641-593F-4BA7-B7BF-DE7520C5F5AB}.Debug|Any CPU.Build.0 = Debug|Any CPU
		{70EDC641-593F-4BA7-B7BF-DE7520C5F5AB}.Release|Any CPU.ActiveCfg = Release|Any CPU
		{70EDC641-593F-4BA7-B7BF-DE7520C5F5AB}.Release|Any CPU.Build.0 = Release|Any CPU
		{68A05327-6E6E-487D-8BCA-03D7B209A1BC}.Debug|Any CPU.ActiveCfg = Debug|Any CPU
		{68A05327-6E6E-487D-8BCA-03D7B209A1BC}.Debug|Any CPU.Build.0 = Debug|Any CPU
		{68A05327-6E6E-487D-8BCA-03D7B209A1BC}.Release|Any CPU.ActiveCfg = Release|Any CPU
		{68A05327-6E6E-487D-8BCA-03D7B209A1BC}.Release|Any CPU.Build.0 = Release|Any CPU
		{5D3F2001-5409-462C-95AD-DDF113B468A6}.Debug|Any CPU.ActiveCfg = Debug|Any CPU
		{5D3F2001-5409-462C-95AD-DDF113B468A6}.Debug|Any CPU.Build.0 = Debug|Any CPU
		{5D3F2001-5409-462C-95AD-DDF113B468A6}.Release|Any CPU.ActiveCfg = Release|Any CPU
		{5D3F2001-5409-462C-95AD-DDF113B468A6}.Release|Any CPU.Build.0 = Release|Any CPU
		{59B29722-510D-40D2-BEA1-F51DF363ADFF}.Debug|Any CPU.ActiveCfg = Debug|Any CPU
		{59B29722-510D-40D2-BEA1-F51DF363ADFF}.Debug|Any CPU.Build.0 = Debug|Any CPU
		{59B29722-510D-40D2-BEA1-F51DF363ADFF}.Release|Any CPU.ActiveCfg = Release|Any CPU
		{59B29722-510D-40D2-BEA1-F51DF363ADFF}.Release|Any CPU.Build.0 = Release|Any CPU
	EndGlobalSection
	GlobalSection(SolutionProperties) = preSolution
		HideSolutionNode = FALSE
	EndGlobalSection
	GlobalSection(ExtensibilityGlobals) = postSolution
		SolutionGuid = {D4D134C3-EDB0-4AD0-A7AD-553EF1FAC534}
	EndGlobalSection
EndGlobal
