
Microsoft Visual Studio Solution File, Format Version 12.00
# Visual Studio Version 17
VisualStudioVersion = 17.8.34330.188
MinimumVisualStudioVersion = 10.0.40219.1
Project("{9A19103F-16F7-4668-BE54-9A1E7A4F7556}") = "Bai1", "BaiTH2\Bai1.csproj", "{B29AA2B1-C6C6-4FB5-B32A-06B73B531FF5}"
EndProject
Project("{9A19103F-16F7-4668-BE54-9A1E7A4F7556}") = "Bai2", "Bai2\Bai2.csproj", "{2B4066D6-3DBA-45DB-84F6-CB971C436B96}"
EndProject
Project("{FAE04EC0-301F-11D3-BF4B-00C04F79EFBC}") = "Bai3", "Bai3\Bai3.csproj", "{374D43E4-B5D3-4A7A-B689-84AF146952FB}"
EndProject
Project("{FAE04EC0-301F-11D3-BF4B-00C04F79EFBC}") = "Bai4", "Bai4\Bai4.csproj", "{8AADB104-22C2-4622-9AE4-E8C0DDB3E38E}"
EndProject
Project("{FAE04EC0-301F-11D3-BF4B-00C04F79EFBC}") = "Bai6", "Bai6\Bai6.csproj", "{DC3F5CF1-488B-45BE-9D73-699D8F87BF04}"
EndProject
Global
	GlobalSection(SolutionConfigurationPlatforms) = preSolution
		Debug|Any CPU = Debug|Any CPU
		Release|Any CPU = Release|Any CPU
	EndGlobalSection
	GlobalSection(ProjectConfigurationPlatforms) = postSolution
		{B29AA2B1-C6C6-4FB5-B32A-06B73B531FF5}.Debug|Any CPU.ActiveCfg = Debug|Any CPU
		{B29AA2B1-C6C6-4FB5-B32A-06B73B531FF5}.Debug|Any CPU.Build.0 = Debug|Any CPU
		{B29AA2B1-C6C6-4FB5-B32A-06B73B531FF5}.Release|Any CPU.ActiveCfg = Release|Any CPU
		{B29AA2B1-C6C6-4FB5-B32A-06B73B531FF5}.Release|Any CPU.Build.0 = Release|Any CPU
		{2B4066D6-3DBA-45DB-84F6-CB971C436B96}.Debug|Any CPU.ActiveCfg = Debug|Any CPU
		{2B4066D6-3DBA-45DB-84F6-CB971C436B96}.Debug|Any CPU.Build.0 = Debug|Any CPU
		{2B4066D6-3DBA-45DB-84F6-CB971C436B96}.Release|Any CPU.ActiveCfg = Release|Any CPU
		{2B4066D6-3DBA-45DB-84F6-CB971C436B96}.Release|Any CPU.Build.0 = Release|Any CPU
		{374D43E4-B5D3-4A7A-B689-84AF146952FB}.Debug|Any CPU.ActiveCfg = Debug|Any CPU
		{374D43E4-B5D3-4A7A-B689-84AF146952FB}.Debug|Any CPU.Build.0 = Debug|Any CPU
		{374D43E4-B5D3-4A7A-B689-84AF146952FB}.Release|Any CPU.ActiveCfg = Release|Any CPU
		{374D43E4-B5D3-4A7A-B689-84AF146952FB}.Release|Any CPU.Build.0 = Release|Any CPU
		{8AADB104-22C2-4622-9AE4-E8C0DDB3E38E}.Debug|Any CPU.ActiveCfg = Debug|Any CPU
		{8AADB104-22C2-4622-9AE4-E8C0DDB3E38E}.Debug|Any CPU.Build.0 = Debug|Any CPU
		{8AADB104-22C2-4622-9AE4-E8C0DDB3E38E}.Release|Any CPU.ActiveCfg = Release|Any CPU
		{8AADB104-22C2-4622-9AE4-E8C0DDB3E38E}.Release|Any CPU.Build.0 = Release|Any CPU
		{DC3F5CF1-488B-45BE-9D73-699D8F87BF04}.Debug|Any CPU.ActiveCfg = Debug|Any CPU
		{DC3F5CF1-488B-45BE-9D73-699D8F87BF04}.Debug|Any CPU.Build.0 = Debug|Any CPU
		{DC3F5CF1-488B-45BE-9D73-699D8F87BF04}.Release|Any CPU.ActiveCfg = Release|Any CPU
		{DC3F5CF1-488B-45BE-9D73-699D8F87BF04}.Release|Any CPU.Build.0 = Release|Any CPU
	EndGlobalSection
	GlobalSection(SolutionProperties) = preSolution
		HideSolutionNode = FALSE
	EndGlobalSection
	GlobalSection(ExtensibilityGlobals) = postSolution
		SolutionGuid = {48168A19-C032-4330-9052-E92E3688526E}
	EndGlobalSection
EndGlobal
